
Microsoft Visual Studio Solution File, Format Version 12.00
# Visual Studio 2012
Project("{FAE04EC0-301F-11D3-BF4B-00C04F79EFBC}") = "Week1CodeChallenge-Class-4", "Week1CodeChallenge-Class-4\Week1CodeChallenge-Class-4.csproj", "{B2CD9729-505A-42F4-8BFA-6DE472A81CDB}"
EndProject
Global
	GlobalSection(SolutionConfigurationPlatforms) = preSolution
		Debug|Any CPU = Debug|Any CPU
		Release|Any CPU = Release|Any CPU
	EndGlobalSection
	GlobalSection(ProjectConfigurationPlatforms) = postSolution
		{B2CD9729-505A-42F4-8BFA-6DE472A81CDB}.Debug|Any CPU.ActiveCfg = Debug|Any CPU
		{B2CD9729-505A-42F4-8BFA-6DE472A81CDB}.Debug|Any CPU.Build.0 = Debug|Any CPU
		{B2CD9729-505A-42F4-8BFA-6DE472A81CDB}.Release|Any CPU.ActiveCfg = Release|Any CPU
		{B2CD9729-505A-42F4-8BFA-6DE472A81CDB}.Release|Any CPU.Build.0 = Release|Any CPU
	EndGlobalSection
	GlobalSection(SolutionProperties) = preSolution
		HideSolutionNode = FALSE
	EndGlobalSection
EndGlobal
