
Microsoft Visual Studio Solution File, Format Version 12.00
# Visual Studio 2012
Project("{FAE04EC0-301F-11D3-BF4B-00C04F79EFBC}") = "Week1Review", "Week1Review\Week1Review.csproj", "{AC5E8FF3-127A-4F96-AF01-B1112D72C894}"
EndProject
Global
	GlobalSection(SolutionConfigurationPlatforms) = preSolution
		Debug|Any CPU = Debug|Any CPU
		Release|Any CPU = Release|Any CPU
	EndGlobalSection
	GlobalSection(ProjectConfigurationPlatforms) = postSolution
		{AC5E8FF3-127A-4F96-AF01-B1112D72C894}.Debug|Any CPU.ActiveCfg = Debug|Any CPU
		{AC5E8FF3-127A-4F96-AF01-B1112D72C894}.Debug|Any CPU.Build.0 = Debug|Any CPU
		{AC5E8FF3-127A-4F96-AF01-B1112D72C894}.Release|Any CPU.ActiveCfg = Release|Any CPU
		{AC5E8FF3-127A-4F96-AF01-B1112D72C894}.Release|Any CPU.Build.0 = Release|Any CPU
	EndGlobalSection
	GlobalSection(SolutionProperties) = preSolution
		HideSolutionNode = FALSE
	EndGlobalSection
EndGlobal
