
Microsoft Visual Studio Solution File, Format Version 12.00
# Visual Studio 2012
Project("{FAE04EC0-301F-11D3-BF4B-00C04F79EFBC}") = "DataConversions", "DataConversions\DataConversions.csproj", "{A18ED821-6656-4D01-9763-F382B0EE685D}"
EndProject
Global
	GlobalSection(SolutionConfigurationPlatforms) = preSolution
		Debug|Any CPU = Debug|Any CPU
		Release|Any CPU = Release|Any CPU
	EndGlobalSection
	GlobalSection(ProjectConfigurationPlatforms) = postSolution
		{A18ED821-6656-4D01-9763-F382B0EE685D}.Debug|Any CPU.ActiveCfg = Debug|Any CPU
		{A18ED821-6656-4D01-9763-F382B0EE685D}.Debug|Any CPU.Build.0 = Debug|Any CPU
		{A18ED821-6656-4D01-9763-F382B0EE685D}.Release|Any CPU.ActiveCfg = Release|Any CPU
		{A18ED821-6656-4D01-9763-F382B0EE685D}.Release|Any CPU.Build.0 = Release|Any CPU
	EndGlobalSection
	GlobalSection(SolutionProperties) = preSolution
		HideSolutionNode = FALSE
	EndGlobalSection
EndGlobal
