
Microsoft Visual Studio Solution File, Format Version 12.00
# Visual Studio 2012
Project("{FAE04EC0-301F-11D3-BF4B-00C04F79EFBC}") = "ConsoleTestApp", "ConsoleTestApp\ConsoleTestApp.csproj", "{CACA4FE9-2006-418A-AF70-37C70077422E}"
EndProject
Global
	GlobalSection(SolutionConfigurationPlatforms) = preSolution
		Debug|Any CPU = Debug|Any CPU
		Release|Any CPU = Release|Any CPU
	EndGlobalSection
	GlobalSection(ProjectConfigurationPlatforms) = postSolution
		{CACA4FE9-2006-418A-AF70-37C70077422E}.Debug|Any CPU.ActiveCfg = Debug|Any CPU
		{CACA4FE9-2006-418A-AF70-37C70077422E}.Debug|Any CPU.Build.0 = Debug|Any CPU
		{CACA4FE9-2006-418A-AF70-37C70077422E}.Release|Any CPU.ActiveCfg = Release|Any CPU
		{CACA4FE9-2006-418A-AF70-37C70077422E}.Release|Any CPU.Build.0 = Release|Any CPU
	EndGlobalSection
	GlobalSection(SolutionProperties) = preSolution
		HideSolutionNode = FALSE
	EndGlobalSection
EndGlobal
