
Microsoft Visual Studio Solution File, Format Version 12.00
# Visual Studio 2012
Project("{FAE04EC0-301F-11D3-BF4B-00C04F79EFBC}") = "DragonSlayerV2-Class", "DragonSlayerV2-Class\DragonSlayerV2-Class.csproj", "{EF4E8A60-A7C3-4801-80E7-9028E2BA012F}"
EndProject
Global
	GlobalSection(SolutionConfigurationPlatforms) = preSolution
		Debug|Any CPU = Debug|Any CPU
		Release|Any CPU = Release|Any CPU
	EndGlobalSection
	GlobalSection(ProjectConfigurationPlatforms) = postSolution
		{EF4E8A60-A7C3-4801-80E7-9028E2BA012F}.Debug|Any CPU.ActiveCfg = Debug|Any CPU
		{EF4E8A60-A7C3-4801-80E7-9028E2BA012F}.Debug|Any CPU.Build.0 = Debug|Any CPU
		{EF4E8A60-A7C3-4801-80E7-9028E2BA012F}.Release|Any CPU.ActiveCfg = Release|Any CPU
		{EF4E8A60-A7C3-4801-80E7-9028E2BA012F}.Release|Any CPU.Build.0 = Release|Any CPU
	EndGlobalSection
	GlobalSection(SolutionProperties) = preSolution
		HideSolutionNode = FALSE
	EndGlobalSection
EndGlobal
